
Microsoft Visual Studio Solution File, Format Version 12.00
# Visual Studio Version 16
VisualStudioVersion = 16.0.31025.194
MinimumVisualStudioVersion = 10.0.40219.1
Project("{9A19103F-16F7-4668-BE54-9A1E7A4F7556}") = "TagsterWebAPI", "TagsterWebAPI\TagsterWebAPI.csproj", "{8CA65993-0004-40E4-B7EB-1DB1CAE245E1}"
EndProject
Project("{FAE04EC0-301F-11D3-BF4B-00C04F79EFBC}") = "Tagster.Database", "Tagster.Database\Tagster.Database.csproj", "{448FE562-C45D-4745-86AC-51271896D9FE}"
EndProject
Global
	GlobalSection(SolutionConfigurationPlatforms) = preSolution
		Debug|Any CPU = Debug|Any CPU
		Release|Any CPU = Release|Any CPU
	EndGlobalSection
	GlobalSection(ProjectConfigurationPlatforms) = postSolution
		{8CA65993-0004-40E4-B7EB-1DB1CAE245E1}.Debug|Any CPU.ActiveCfg = Debug|Any CPU
		{8CA65993-0004-40E4-B7EB-1DB1CAE245E1}.Debug|Any CPU.Build.0 = Debug|Any CPU
		{8CA65993-0004-40E4-B7EB-1DB1CAE245E1}.Release|Any CPU.ActiveCfg = Release|Any CPU
		{8CA65993-0004-40E4-B7EB-1DB1CAE245E1}.Release|Any CPU.Build.0 = Release|Any CPU
		{448FE562-C45D-4745-86AC-51271896D9FE}.Debug|Any CPU.ActiveCfg = Debug|Any CPU
		{448FE562-C45D-4745-86AC-51271896D9FE}.Debug|Any CPU.Build.0 = Debug|Any CPU
		{448FE562-C45D-4745-86AC-51271896D9FE}.Release|Any CPU.ActiveCfg = Release|Any CPU
		{448FE562-C45D-4745-86AC-51271896D9FE}.Release|Any CPU.Build.0 = Release|Any CPU
	EndGlobalSection
	GlobalSection(SolutionProperties) = preSolution
		HideSolutionNode = FALSE
	EndGlobalSection
	GlobalSection(ExtensibilityGlobals) = postSolution
		SolutionGuid = {3BA103DC-1387-4592-8CC0-8E1413788A57}
	EndGlobalSection
EndGlobal
