
Microsoft Visual Studio Solution File, Format Version 12.00
# Visual Studio Version 16
VisualStudioVersion = 16.0.31025.194
MinimumVisualStudioVersion = 10.0.40219.1
Project("{FAE04EC0-301F-11D3-BF4B-00C04F79EFBC}") = "Tag", "Tag\Tag.csproj", "{7A4C2841-80D8-49BE-BD21-6900F767BCE0}"
EndProject
Global
	GlobalSection(SolutionConfigurationPlatforms) = preSolution
		Debug|Any CPU = Debug|Any CPU
		Release|Any CPU = Release|Any CPU
	EndGlobalSection
	GlobalSection(ProjectConfigurationPlatforms) = postSolution
		{7A4C2841-80D8-49BE-BD21-6900F767BCE0}.Debug|Any CPU.ActiveCfg = Debug|Any CPU
		{7A4C2841-80D8-49BE-BD21-6900F767BCE0}.Debug|Any CPU.Build.0 = Debug|Any CPU
		{7A4C2841-80D8-49BE-BD21-6900F767BCE0}.Release|Any CPU.ActiveCfg = Release|Any CPU
		{7A4C2841-80D8-49BE-BD21-6900F767BCE0}.Release|Any CPU.Build.0 = Release|Any CPU
	EndGlobalSection
	GlobalSection(SolutionProperties) = preSolution
		HideSolutionNode = FALSE
	EndGlobalSection
	GlobalSection(ExtensibilityGlobals) = postSolution
		SolutionGuid = {1E303A8E-B197-4AA5-8922-6F0B90473F2E}
	EndGlobalSection
EndGlobal
